{
  "projects": [
    {
      "projectId": "jkU633o1Cz7HrJdwdxhVHk",
      "version": "16.19.0",
      "dependencies": {},
      "lang": "ts",
      "fileLocks": [
        {
          "assetId": "jkU633o1Cz7HrJdwdxhVHk",
          "type": "projectCss",
          "checksum": "85f25ea7fc605a951957b994266bf3eb"
        },
        {
          "assetId": "jkU633o1Cz7HrJdwdxhVHk",
          "checksum": "3360395d0903e45c2a5fde8c8bb81302",
          "type": "projectModule"
        },
        {
          "assetId": "jkU633o1Cz7HrJdwdxhVHk",
          "checksum": "78752dfb17d15d96e948021c8b474da4",
          "type": "styleTokensProvider"
        }
      ],
      "codegenVersion": "0.0.2"
    },
    {
      "projectId": "gmeH6XgPaBtkt51HunAo4g",
      "version": "18.29.0",
      "dependencies": {},
      "lang": "ts",
      "fileLocks": [
        {
          "assetId": "gmeH6XgPaBtkt51HunAo4g",
          "type": "projectCss",
          "checksum": "a92f8a81c335659a69443e50fd02af8c"
        },
        {
          "assetId": "gmeH6XgPaBtkt51HunAo4g",
          "checksum": "12432bceef704021122cb8b3d2017760",
          "type": "projectModule"
        },
        {
          "assetId": "gmeH6XgPaBtkt51HunAo4g",
          "checksum": "fe72ba8dfd186001e008f2e95fe60374",
          "type": "styleTokensProvider"
        }
      ],
      "codegenVersion": "0.0.2"
    },
    {
      "projectId": "ohDidvG9XsCeFumugENU3J",
      "version": "6.35.0",
      "dependencies": {},
      "lang": "ts",
      "fileLocks": [
        {
          "assetId": "ohDidvG9XsCeFumugENU3J",
          "type": "projectCss",
          "checksum": "3f9cfe65194658f53dac7546f4bf0ebe"
        },
        {
          "assetId": "ohDidvG9XsCeFumugENU3J",
          "checksum": "be3f0aaba617feb7e002ecfd303a0f73",
          "type": "globalContexts"
        },
        {
          "assetId": "ohDidvG9XsCeFumugENU3J",
          "checksum": "fb807fe3705f30ea295ebfad5287dd4b",
          "type": "projectModule"
        },
        {
          "assetId": "ohDidvG9XsCeFumugENU3J",
          "checksum": "89d9d71e8cbe5cd52b12e923833f83f8",
          "type": "styleTokensProvider"
        }
      ],
      "codegenVersion": "0.0.2"
    },
    {
      "projectId": "7nJ7UcFmq9UzB6eXfC5z4a",
      "version": "0.37.0",
      "dependencies": {},
      "lang": "ts",
      "fileLocks": [
        {
          "assetId": "7nJ7UcFmq9UzB6eXfC5z4a",
          "type": "projectCss",
          "checksum": "f19f5b1ff8205c02fd704231628b3a5c"
        },
        {
          "assetId": "7nJ7UcFmq9UzB6eXfC5z4a",
          "checksum": "bd882956589ba7fcd035211989e13120",
          "type": "projectModule"
        },
        {
          "assetId": "7nJ7UcFmq9UzB6eXfC5z4a",
          "checksum": "4611cf0afb68758e6b3b841a2d445b1d",
          "type": "styleTokensProvider"
        }
      ],
      "codegenVersion": "0.0.2"
    },
    {
      "projectId": "gLnoj82AzKVVT7qXiqAbHD",
      "version": "2.20.0",
      "dependencies": {},
      "lang": "ts",
      "fileLocks": [
        {
          "assetId": "gLnoj82AzKVVT7qXiqAbHD",
          "type": "projectCss",
          "checksum": "a92f8a81c335659a69443e50fd02af8c"
        },
        {
          "assetId": "gLnoj82AzKVVT7qXiqAbHD",
          "checksum": "c9f682faefd85fe107cb17c4da91f6f0",
          "type": "projectModule"
        },
        {
          "assetId": "gLnoj82AzKVVT7qXiqAbHD",
          "checksum": "3bbb18c12b9af8c5029c3744de03be96",
          "type": "styleTokensProvider"
        },
        {
          "type": "renderModule",
          "assetId": "lBHNzts6tFyj",
          "checksum": "ac82df145e1ce2aa5ec96f28af2fd4b7"
        },
        {
          "type": "cssRules",
          "assetId": "lBHNzts6tFyj",
          "checksum": "ac82df145e1ce2aa5ec96f28af2fd4b7"
        },
        {
          "type": "icon",
          "assetId": "zq2s7N0xWucT",
          "checksum": "bd85295cedaeac0de29b4aa0716fc5ad"
        },
        {
          "type": "icon",
          "assetId": "8K40faRNhuCj",
          "checksum": "d2e49d902b3cffb3c7e3d761d5f3f5af"
        }
      ],
      "codegenVersion": "0.0.2"
    },
    {
      "projectId": "caTPwKxj5ZrD9LQ7DMdK4Z",
      "version": "3.48.0",
      "dependencies": {},
      "lang": "ts",
      "fileLocks": [
        {
          "assetId": "caTPwKxj5ZrD9LQ7DMdK4Z",
          "type": "projectCss",
          "checksum": "a92f8a81c335659a69443e50fd02af8c"
        },
        {
          "assetId": "caTPwKxj5ZrD9LQ7DMdK4Z",
          "checksum": "5f8b503a54d81c7ee5a80fe9a5b1455f",
          "type": "projectModule"
        },
        {
          "assetId": "caTPwKxj5ZrD9LQ7DMdK4Z",
          "checksum": "a64de52d4813f05feeef174d99168c7a",
          "type": "styleTokensProvider"
        }
      ],
      "codegenVersion": "0.0.2"
    },
    {
      "projectId": "2z3i9W46Zy1LESdTeBafaW",
      "version": "latest",
      "dependencies": {
        "caTPwKxj5ZrD9LQ7DMdK4Z": "3.48.0",
        "gLnoj82AzKVVT7qXiqAbHD": "2.20.0",
        "7nJ7UcFmq9UzB6eXfC5z4a": "0.37.0",
        "ohDidvG9XsCeFumugENU3J": "6.35.0",
        "gmeH6XgPaBtkt51HunAo4g": "18.29.0",
        "jkU633o1Cz7HrJdwdxhVHk": "16.19.0"
      },
      "lang": "ts",
      "fileLocks": [
        {
          "assetId": "2z3i9W46Zy1LESdTeBafaW",
          "checksum": "1c6e8a30b316904bbe42c368327c9903",
          "type": "globalContexts"
        },
        {
          "assetId": "2z3i9W46Zy1LESdTeBafaW",
          "checksum": "3e0641fc0cd5a3a4b4ab9050335d88d1",
          "type": "projectModule"
        },
        {
          "assetId": "2z3i9W46Zy1LESdTeBafaW",
          "checksum": "bc52aea50d14d2a780f8e3b11e38b145",
          "type": "styleTokensProvider"
        },
        {
          "type": "renderModule",
          "assetId": "DDGVTTPZXDNs",
          "checksum": "cdba642964a716660021681f029567de"
        },
        {
          "type": "cssRules",
          "assetId": "DDGVTTPZXDNs",
          "checksum": "cdba642964a716660021681f029567de"
        },
        {
          "type": "renderModule",
          "assetId": "EJtW9uUlw2QS",
          "checksum": "657d9b7b82e0fa2c7a46bd64461d7c6d"
        },
        {
          "type": "cssRules",
          "assetId": "EJtW9uUlw2QS",
          "checksum": "657d9b7b82e0fa2c7a46bd64461d7c6d"
        },
        {
          "type": "renderModule",
          "assetId": "2bi1bAEM6PKv",
          "checksum": "2a0e79c46239a63c3857cb257059dfa1"
        },
        {
          "type": "cssRules",
          "assetId": "2bi1bAEM6PKv",
          "checksum": "2a0e79c46239a63c3857cb257059dfa1"
        },
        {
          "type": "renderModule",
          "assetId": "bTOD0F4HyKA7",
          "checksum": "7e778accb230fb1767c73fecc33825a9"
        },
        {
          "type": "cssRules",
          "assetId": "bTOD0F4HyKA7",
          "checksum": "7e778accb230fb1767c73fecc33825a9"
        },
        {
          "type": "renderModule",
          "assetId": "UUnA__mjTZ_i",
          "checksum": "0aa84fd2cba532762287c118d95c21cd"
        },
        {
          "type": "cssRules",
          "assetId": "UUnA__mjTZ_i",
          "checksum": "0aa84fd2cba532762287c118d95c21cd"
        },
        {
          "type": "renderModule",
          "assetId": "MJHWnt3kh9p4",
          "checksum": "c1ee7f6243f6e3f86d71bfaf87a05f8a"
        },
        {
          "type": "cssRules",
          "assetId": "MJHWnt3kh9p4",
          "checksum": "c1ee7f6243f6e3f86d71bfaf87a05f8a"
        },
        {
          "type": "renderModule",
          "assetId": "p6ddjhW3kEo1",
          "checksum": "b32a7e21d6a1b262f09a83abf6a0476d"
        },
        {
          "type": "cssRules",
          "assetId": "p6ddjhW3kEo1",
          "checksum": "b32a7e21d6a1b262f09a83abf6a0476d"
        },
        {
          "type": "icon",
          "assetId": "C3JtY_jqj0BM",
          "checksum": "eb9c60b17d81fd005660b4c126bc50da"
        },
        {
          "type": "icon",
          "assetId": "kFoBXtMokQrv",
          "checksum": "e44a131c379ea016a53d13e2d759f930"
        },
        {
          "type": "icon",
          "assetId": "kg3Avrhi5Cmk",
          "checksum": "61db27c38236774cfb5091259990fd0d"
        },
        {
          "type": "icon",
          "assetId": "oJpROMdnscqZ",
          "checksum": "7ad37dbd7869ccecdfcd141ac8ba9595"
        },
        {
          "type": "renderModule",
          "assetId": "5xohM_Z3A-zm",
          "checksum": "1929b2e08c07064dfd8f038139a7052c"
        },
        {
          "type": "cssRules",
          "assetId": "5xohM_Z3A-zm",
          "checksum": "1929b2e08c07064dfd8f038139a7052c"
        },
        {
          "type": "renderModule",
          "assetId": "CDfy8-oEK7Kl",
          "checksum": "74f8b5ab09b75ae98c77d582db38515f"
        },
        {
          "type": "cssRules",
          "assetId": "CDfy8-oEK7Kl",
          "checksum": "74f8b5ab09b75ae98c77d582db38515f"
        },
        {
          "type": "icon",
          "assetId": "8BIUmYeby1cp",
          "checksum": "d5f5318af51078d654042ddae5b17e2e"
        },
        {
          "type": "icon",
          "assetId": "Tvi609XUavLi",
          "checksum": "43798bd1b3de291be33e781314397d83"
        },
        {
          "type": "icon",
          "assetId": "Se6hi5pHyLT8",
          "checksum": "e3bc0d94e0416e26bfc8fcb6641b078a"
        },
        {
          "type": "icon",
          "assetId": "Rr-5TVtiZWVJ",
          "checksum": "0285156ac73d91585c3de7f0f9f73f6d"
        },
        {
          "type": "icon",
          "assetId": "raifTTZMSvVv",
          "checksum": "99ff37f2d4f1bda09320c7927435f847"
        },
        {
          "type": "image",
          "assetId": "p_-aBTfLfsoH",
          "checksum": "ffd954f751e2a84fb781c0f5e2548d7f"
        },
        {
          "type": "image",
          "assetId": "4EO7MZZ7QW-G",
          "checksum": "bf231d6e051a5aabebee1fb7c6d07f8b"
        },
        {
          "type": "image",
          "assetId": "qQ9VP3FqhqK7",
          "checksum": "2adfae1b7f31ef2408b918d73d314276"
        },
        {
          "type": "image",
          "assetId": "UoZPaNjEloj8",
          "checksum": "c2fc336f1499bd24b63fd26c49f0f3e0"
        },
        {
          "type": "image",
          "assetId": "EalzuQQIe4PR",
          "checksum": "86f1a46534d3462ad5341735c8680185"
        },
        {
          "type": "image",
          "assetId": "3_VwvJ0tQMKs",
          "checksum": "55deb670210641787d53703c25450456"
        },
        {
          "type": "image",
          "assetId": "-7_FdZA4WnPL",
          "checksum": "e853fa460672d4cbdba98ba8da78e214"
        },
        {
          "type": "image",
          "assetId": "igbBWvQpZGqa",
          "checksum": "eaea19663a44ccca0d9101fde8d2c885"
        },
        {
          "type": "image",
          "assetId": "fJAQIwcc6qSr",
          "checksum": "1dba1a67402a23d439b9899f2e09c9ff"
        },
        {
          "type": "image",
          "assetId": "ME74AdPhp2EL",
          "checksum": "e6673e23949288a8de70a886589f3eb4"
        },
        {
          "type": "image",
          "assetId": "H_NIp2vZuX3X",
          "checksum": "60b9587868d7134c9ed5dc11116a0a7d"
        },
        {
          "type": "image",
          "assetId": "WfYP7kNomvYs",
          "checksum": "144003994d9d47674c1edd629131d2b5"
        },
        {
          "type": "image",
          "assetId": "fQeRZVq-oIpT",
          "checksum": "720f0a2f036d51a84b143009f2f015f8"
        },
        {
          "type": "image",
          "assetId": "xYRLljO6T2D3",
          "checksum": "6f080fc5a68eb6d2b8143acb31d61b7c"
        },
        {
          "type": "image",
          "assetId": "GUSdlkSDmoJ7",
          "checksum": "301204a636e0fee1482a82342e06cd8e"
        },
        {
          "type": "image",
          "assetId": "vc_TUA7gW23m",
          "checksum": "e7296c69be88738f19bba02abee2cfa3"
        },
        {
          "type": "image",
          "assetId": "1STuc4-fcseu",
          "checksum": "5a9af58643e987088a937ee2e51a24a3"
        },
        {
          "type": "image",
          "assetId": "pzw3PFV-dYcJ",
          "checksum": "212259608ff4964246560a8b1d8e0aa6"
        },
        {
          "type": "image",
          "assetId": "O_SliQsCJJgU",
          "checksum": "a5406b3300e95fc21efd73687db9aac7"
        },
        {
          "type": "image",
          "assetId": "fziUCkydOaJa",
          "checksum": "f3baab04264aa2d299967dba28eede12"
        },
        {
          "type": "image",
          "assetId": "nzTEIQDBaJKz",
          "checksum": "6d57e4469c63975cc4c756283f9df625"
        },
        {
          "type": "image",
          "assetId": "Kz0WQ-IiMFL1",
          "checksum": "b2ed601e91fcc3baca50a1ffd884d655"
        },
        {
          "type": "image",
          "assetId": "zUnsJZjMBIOj",
          "checksum": "d9fb0959bad147749d6dae80524f7b0b"
        },
        {
          "type": "image",
          "assetId": "FUFxFn7tt4ms",
          "checksum": "7c452ce39fc640d917be8c1f465fddcb"
        },
        {
          "type": "image",
          "assetId": "czvTfSRZJkJD",
          "checksum": "ac73bbd619801be99138038ad4a6d7cb"
        },
        {
          "type": "image",
          "assetId": "ahTFyeGa3S8h",
          "checksum": "d2a3c58e15f1e5cfcea3f23cb9ee21e6"
        },
        {
          "type": "image",
          "assetId": "mzaqb1aCFtij",
          "checksum": "20c64b1f684d3ee033fb37855fba6255"
        },
        {
          "type": "image",
          "assetId": "ACWSXgeEtFpc",
          "checksum": "e755ddc296d63388946b127966dc6953"
        },
        {
          "type": "image",
          "assetId": "8jiDKKMMaVAM",
          "checksum": "49a9e9f7cbed14a0b0b4cf79d781c00c"
        },
        {
          "type": "image",
          "assetId": "-tANLAi9TzN3",
          "checksum": "ddb856ff5d30a8fde69c44e3df436251"
        },
        {
          "type": "image",
          "assetId": "lQrzL3nvh6HZ",
          "checksum": "4272d6644e680a44814091885b36496e"
        },
        {
          "type": "image",
          "assetId": "ktJDJEgG_iw7",
          "checksum": "5f8f4f75390abb1f246106c658211d42"
        },
        {
          "type": "image",
          "assetId": "kJwcxn-jNCcw",
          "checksum": "aaaa1e90eb70bbe1c9829b06dcc14b44"
        },
        {
          "type": "image",
          "assetId": "3swDqxiLG8mV",
          "checksum": "c5076def1dbe773ade5cfdb885ac6c49"
        },
        {
          "type": "image",
          "assetId": "Uzg60pVnJ-kG",
          "checksum": "4a1c377f09e81bf448e1a5bcd5fc473c"
        },
        {
          "type": "image",
          "assetId": "-JLd-H2B4i_W",
          "checksum": "798d0b35cac947ee2677ec48638d5512"
        },
        {
          "type": "renderModule",
          "assetId": "ccWjy3EXq9eh",
          "checksum": "b6c49eb4916087f4ab11027e674c3de8"
        },
        {
          "type": "cssRules",
          "assetId": "ccWjy3EXq9eh",
          "checksum": "b6c49eb4916087f4ab11027e674c3de8"
        },
        {
          "type": "icon",
          "assetId": "B_-Yv3wx1PzT",
          "checksum": "17ae1a3caa5e62ac206c93edbd214c23"
        },
        {
          "type": "icon",
          "assetId": "ly4I2jYrthhW",
          "checksum": "16c86478fc9e1bc9a36491f4ad56ee00"
        },
        {
          "type": "icon",
          "assetId": "wFGGoF3JQZmP",
          "checksum": "640b6b8bce32c6043cb8e718a44820a7"
        },
        {
          "type": "image",
          "assetId": "Z2Pj3ah1yw5S",
          "checksum": "678e69d0fdaacbccede1678ea95f41be"
        },
        {
          "type": "image",
          "assetId": "2TFO70QdyKw9",
          "checksum": "ee8ed5f371009b44dae2034ee03e5a18"
        },
        {
          "type": "image",
          "assetId": "XXG-CNxRvQ0S",
          "checksum": "586b9e3c25126fa342af141ec166bf0f"
        },
        {
          "type": "image",
          "assetId": "v-U03SlREuIF",
          "checksum": "e7a908bb867e1836427d7a9687f11d27"
        },
        {
          "type": "image",
          "assetId": "74l69o8gqoW4",
          "checksum": "f56440d5796954262f9efe648d783637"
        },
        {
          "type": "renderModule",
          "assetId": "IHyN_TrhzrMA",
          "checksum": "befdc3acbf02f40e65a52261f935a345"
        },
        {
          "type": "cssRules",
          "assetId": "IHyN_TrhzrMA",
          "checksum": "befdc3acbf02f40e65a52261f935a345"
        },
        {
          "type": "renderModule",
          "assetId": "7KtYPL8xZXmj",
          "checksum": "8228d80cfe98b71a45b4af24b60c92b0"
        },
        {
          "type": "cssRules",
          "assetId": "7KtYPL8xZXmj",
          "checksum": "8228d80cfe98b71a45b4af24b60c92b0"
        },
        {
          "type": "renderModule",
          "assetId": "cHt1WXRY6qSb",
          "checksum": "42e1cd86aabaca35b323ab59dbfdee38"
        },
        {
          "type": "cssRules",
          "assetId": "cHt1WXRY6qSb",
          "checksum": "42e1cd86aabaca35b323ab59dbfdee38"
        },
        {
          "type": "renderModule",
          "assetId": "znsmbozJDcyF",
          "checksum": "4a90c78b5a0f77f0b6c66c7bd9a98f88"
        },
        {
          "type": "cssRules",
          "assetId": "znsmbozJDcyF",
          "checksum": "4a90c78b5a0f77f0b6c66c7bd9a98f88"
        },
        {
          "type": "renderModule",
          "assetId": "oCJNC8dAmvaF",
          "checksum": "13214e4290f8df0edf96d5e12b41656d"
        },
        {
          "type": "cssRules",
          "assetId": "oCJNC8dAmvaF",
          "checksum": "13214e4290f8df0edf96d5e12b41656d"
        },
        {
          "type": "renderModule",
          "assetId": "RoBCNbzUQdAH",
          "checksum": "ec84720038dc605adb20e8c0e2ff55b9"
        },
        {
          "type": "cssRules",
          "assetId": "RoBCNbzUQdAH",
          "checksum": "ec84720038dc605adb20e8c0e2ff55b9"
        },
        {
          "type": "renderModule",
          "assetId": "uyX1Zri_7Eo-",
          "checksum": "4125020e83516578f674d9a3e60b10e4"
        },
        {
          "type": "cssRules",
          "assetId": "uyX1Zri_7Eo-",
          "checksum": "4125020e83516578f674d9a3e60b10e4"
        },
        {
          "type": "icon",
          "assetId": "8BSI_i0SuedK",
          "checksum": "10b950a206c5a3145103ac9b14f2128d"
        },
        {
          "type": "icon",
          "assetId": "C_EkTC8G-uKe",
          "checksum": "35e82610665da80cfeb815b7a593641d"
        },
        {
          "type": "image",
          "assetId": "_mBDrANAIozx",
          "checksum": "cbc2c31d34ccd1b1c5a86ec4e715a80c"
        },
        {
          "assetId": "2z3i9W46Zy1LESdTeBafaW",
          "type": "projectCss",
          "checksum": "cb70ff4f20c51d0a44b93a87a2577be9"
        }
      ],
      "codegenVersion": "0.0.2"
    }
  ],
  "cliVersion": "0.1.350"
}
